// !$*UTF8*$!
{
	archiveVersion = 1;
	classes = {
	};
	objectVersion = 51;
	objects = {

/* Begin PBXBuildFile section */
		74CF7F919E4E3D3659644C32 /* Pods_codetestTests.framework in Frameworks */ = {isa = PBXBuildFile; fileRef = 383FFAC49131670B64106FA4 /* Pods_codetestTests.framework */; };
		8D9B64C523ED0B56000F02C9 /* AppDelegate.swift in Sources */ = {isa = PBXBuildFile; fileRef = 8D9B64C423ED0B56000F02C9 /* AppDelegate.swift */; };
		8D9B64C723ED0B56000F02C9 /* SceneDelegate.swift in Sources */ = {isa = PBXBuildFile; fileRef = 8D9B64C623ED0B56000F02C9 /* SceneDelegate.swift */; };
		8D9B64C923ED0B56000F02C9 /* ViewController.swift in Sources */ = {isa = PBXBuildFile; fileRef = 8D9B64C823ED0B56000F02C9 /* ViewController.swift */; };
		8D9B64CC23ED0B56000F02C9 /* Main.storyboard in Resources */ = {isa = PBXBuildFile; fileRef = 8D9B64CA23ED0B56000F02C9 /* Main.storyboard */; };
		8D9B64CE23ED0B5A000F02C9 /* Assets.xcassets in Resources */ = {isa = PBXBuildFile; fileRef = 8D9B64CD23ED0B5A000F02C9 /* Assets.xcassets */; };
		8D9B64D123ED0B5A000F02C9 /* LaunchScreen.storyboard in Resources */ = {isa = PBXBuildFile; fileRef = 8D9B64CF23ED0B5A000F02C9 /* LaunchScreen.storyboard */; };
		8D9B64DC23ED0B5A000F02C9 /* codetestTests.swift in Sources */ = {isa = PBXBuildFile; fileRef = 8D9B64DB23ED0B5A000F02C9 /* codetestTests.swift */; };
		8D9B64E723ED0B5A000F02C9 /* codetestUITests.swift in Sources */ = {isa = PBXBuildFile; fileRef = 8D9B64E623ED0B5A000F02C9 /* codetestUITests.swift */; };
		8D9B650223ED0BDC000F02C9 /* SingletonModel.swift in Sources */ = {isa = PBXBuildFile; fileRef = 8D9B650123ED0BDC000F02C9 /* SingletonModel.swift */; };
		8D9B650423ED0C21000F02C9 /* Exts.swift in Sources */ = {isa = PBXBuildFile; fileRef = 8D9B650323ED0C21000F02C9 /* Exts.swift */; };
		8D9B650623ED0C28000F02C9 /* ViewExts.swift in Sources */ = {isa = PBXBuildFile; fileRef = 8D9B650523ED0C28000F02C9 /* ViewExts.swift */; };
		8D9B650923ED0EB0000F02C9 /* BaseTableViewCell.swift in Sources */ = {isa = PBXBuildFile; fileRef = 8D9B650823ED0EB0000F02C9 /* BaseTableViewCell.swift */; };
		8D9B650C23ED0F39000F02C9 /* BaseApiClient.swift in Sources */ = {isa = PBXBuildFile; fileRef = 8D9B650B23ED0F39000F02C9 /* BaseApiClient.swift */; };
		8D9B650E23ED0F55000F02C9 /* ApiClient.swift in Sources */ = {isa = PBXBuildFile; fileRef = 8D9B650D23ED0F55000F02C9 /* ApiClient.swift */; };
		8D9B651023ED0F77000F02C9 /* Api.swift in Sources */ = {isa = PBXBuildFile; fileRef = 8D9B650F23ED0F77000F02C9 /* Api.swift */; };
		8D9B651223ED0F8D000F02C9 /* BaseCollectionViewCell.swift in Sources */ = {isa = PBXBuildFile; fileRef = 8D9B651123ED0F8D000F02C9 /* BaseCollectionViewCell.swift */; };
		8D9B651523ED11EC000F02C9 /* BaseViewController.swift in Sources */ = {isa = PBXBuildFile; fileRef = 8D9B651423ED11EC000F02C9 /* BaseViewController.swift */; };
		8D9B651723ED1207000F02C9 /* BaseViewModel.swift in Sources */ = {isa = PBXBuildFile; fileRef = 8D9B651623ED1207000F02C9 /* BaseViewModel.swift */; };
		8D9B651923ED147A000F02C9 /* HomeViewModel.swift in Sources */ = {isa = PBXBuildFile; fileRef = 8D9B651823ED147A000F02C9 /* HomeViewModel.swift */; };
		8D9B651C23ED157C000F02C9 /* RxExts.swift in Sources */ = {isa = PBXBuildFile; fileRef = 8D9B651B23ED157C000F02C9 /* RxExts.swift */; };
		8D9B651E23ED162D000F02C9 /* UserDefUtils.swift in Sources */ = {isa = PBXBuildFile; fileRef = 8D9B651D23ED162D000F02C9 /* UserDefUtils.swift */; };
		8D9B652023ED18B5000F02C9 /* AppConstants.swift in Sources */ = {isa = PBXBuildFile; fileRef = 8D9B651F23ED18B5000F02C9 /* AppConstants.swift */; };
		8D9B652223ED18F5000F02C9 /* ErrorResponse.swift in Sources */ = {isa = PBXBuildFile; fileRef = 8D9B652123ED18F5000F02C9 /* ErrorResponse.swift */; };
		8D9B652523ED1961000F02C9 /* DynamicViews.swift in Sources */ = {isa = PBXBuildFile; fileRef = 8D9B652423ED1961000F02C9 /* DynamicViews.swift */; };
		8D9B652723EDABF4000F02C9 /* HomeViewController.swift in Sources */ = {isa = PBXBuildFile; fileRef = 8D9B652623EDABF4000F02C9 /* HomeViewController.swift */; };
		8D9B652923EDAD6A000F02C9 /* WonderResponse.swift in Sources */ = {isa = PBXBuildFile; fileRef = 8D9B652823EDAD6A000F02C9 /* WonderResponse.swift */; };
		8D9B652B23EDAD8F000F02C9 /* WonderVO.swift in Sources */ = {isa = PBXBuildFile; fileRef = 8D9B652A23EDAD8F000F02C9 /* WonderVO.swift */; };
		8D9B652D23EDB08F000F02C9 /* BaseRealmHelper.swift in Sources */ = {isa = PBXBuildFile; fileRef = 8D9B652C23EDB08F000F02C9 /* BaseRealmHelper.swift */; };
		8D9B652F23EDB0A6000F02C9 /* RealmHelper.swift in Sources */ = {isa = PBXBuildFile; fileRef = 8D9B652E23EDB0A6000F02C9 /* RealmHelper.swift */; };
		8D9B653123EDB0DF000F02C9 /* Dao.swift in Sources */ = {isa = PBXBuildFile; fileRef = 8D9B653023EDB0DF000F02C9 /* Dao.swift */; };
		8D9B653423EDB51D000F02C9 /* DataRepository.swift in Sources */ = {isa = PBXBuildFile; fileRef = 8D9B653323EDB51D000F02C9 /* DataRepository.swift */; };
		8D9B653823EDBBAA000F02C9 /* SweetAlert.swift in Sources */ = {isa = PBXBuildFile; fileRef = 8D9B653723EDBBAA000F02C9 /* SweetAlert.swift */; };
		8D9B653A23EDBC74000F02C9 /* PintrestLayout.swift in Sources */ = {isa = PBXBuildFile; fileRef = 8D9B653923EDBC74000F02C9 /* PintrestLayout.swift */; };
		8D9B654123EDBDF3000F02C9 /* WonderCollectionViewCell.swift in Sources */ = {isa = PBXBuildFile; fileRef = 8D9B653F23EDBDF3000F02C9 /* WonderCollectionViewCell.swift */; };
		8D9B654223EDBDF3000F02C9 /* WonderCollectionViewCell.xib in Resources */ = {isa = PBXBuildFile; fileRef = 8D9B654023EDBDF3000F02C9 /* WonderCollectionViewCell.xib */; };
		8D9B654523EE393B000F02C9 /* Router.swift in Sources */ = {isa = PBXBuildFile; fileRef = 8D9B654423EE393B000F02C9 /* Router.swift */; };
		8D9B654723EE39E0000F02C9 /* WonderDetailViewController.swift in Sources */ = {isa = PBXBuildFile; fileRef = 8D9B654623EE39E0000F02C9 /* WonderDetailViewController.swift */; };
		8D9B654923EE3CA1000F02C9 /* WonderDetailsViewModel.swift in Sources */ = {isa = PBXBuildFile; fileRef = 8D9B654823EE3CA1000F02C9 /* WonderDetailsViewModel.swift */; };
		8D9B654B23EE4E15000F02C9 /* SharedUtils.swift in Sources */ = {isa = PBXBuildFile; fileRef = 8D9B654A23EE4E15000F02C9 /* SharedUtils.swift */; };
		8D9B654D23EE6363000F02C9 /* ConfigVO.swift in Sources */ = {isa = PBXBuildFile; fileRef = 8D9B654C23EE6363000F02C9 /* ConfigVO.swift */; };
		92CDDF954019520D494F19D8 /* Pods_codetest.framework in Frameworks */ = {isa = PBXBuildFile; fileRef = 2780A696FD5E87AE3B8CD0C7 /* Pods_codetest.framework */; };
		BE2E30BD27CD9A9C742464CC /* Pods_codetest_codetestUITests.framework in Frameworks */ = {isa = PBXBuildFile; fileRef = 3AE4B0904604B69D8AA8507D /* Pods_codetest_codetestUITests.framework */; };
/* End PBXBuildFile section */

/* Begin PBXContainerItemProxy section */
		8D9B64D823ED0B5A000F02C9 /* PBXContainerItemProxy */ = {
			isa = PBXContainerItemProxy;
			containerPortal = 8D9B64B923ED0B55000F02C9 /* Project object */;
			proxyType = 1;
			remoteGlobalIDString = 8D9B64C023ED0B56000F02C9;
			remoteInfo = codetest;
		};
		8D9B64E323ED0B5A000F02C9 /* PBXContainerItemProxy */ = {
			isa = PBXContainerItemProxy;
			containerPortal = 8D9B64B923ED0B55000F02C9 /* Project object */;
			proxyType = 1;
			remoteGlobalIDString = 8D9B64C023ED0B56000F02C9;
			remoteInfo = codetest;
		};
/* End PBXContainerItemProxy section */

/* Begin PBXFileReference section */
		1551BEF13377ED8D30EB9F7D /* Pods-codetest.release.xcconfig */ = {isa = PBXFileReference; includeInIndex = 1; lastKnownFileType = text.xcconfig; name = "Pods-codetest.release.xcconfig"; path = "Target Support Files/Pods-codetest/Pods-codetest.release.xcconfig"; sourceTree = "<group>"; };
		2163C4C467A79E5BEABAC722 /* Pods-codetest-codetestUITests.release.xcconfig */ = {isa = PBXFileReference; includeInIndex = 1; lastKnownFileType = text.xcconfig; name = "Pods-codetest-codetestUITests.release.xcconfig"; path = "Target Support Files/Pods-codetest-codetestUITests/Pods-codetest-codetestUITests.release.xcconfig"; sourceTree = "<group>"; };
		2780A696FD5E87AE3B8CD0C7 /* Pods_codetest.framework */ = {isa = PBXFileReference; explicitFileType = wrapper.framework; includeInIndex = 0; path = Pods_codetest.framework; sourceTree = BUILT_PRODUCTS_DIR; };
		383FFAC49131670B64106FA4 /* Pods_codetestTests.framework */ = {isa = PBXFileReference; explicitFileType = wrapper.framework; includeInIndex = 0; path = Pods_codetestTests.framework; sourceTree = BUILT_PRODUCTS_DIR; };
		3AE4B0904604B69D8AA8507D /* Pods_codetest_codetestUITests.framework */ = {isa = PBXFileReference; explicitFileType = wrapper.framework; includeInIndex = 0; path = Pods_codetest_codetestUITests.framework; sourceTree = BUILT_PRODUCTS_DIR; };
		3D8D570890C02BCC653D60B3 /* Pods-codetestTests.debug.xcconfig */ = {isa = PBXFileReference; includeInIndex = 1; lastKnownFileType = text.xcconfig; name = "Pods-codetestTests.debug.xcconfig"; path = "Target Support Files/Pods-codetestTests/Pods-codetestTests.debug.xcconfig"; sourceTree = "<group>"; };
		6E3E3A2F021C39F5F10E730A /* Pods-codetest.debug.xcconfig */ = {isa = PBXFileReference; includeInIndex = 1; lastKnownFileType = text.xcconfig; name = "Pods-codetest.debug.xcconfig"; path = "Target Support Files/Pods-codetest/Pods-codetest.debug.xcconfig"; sourceTree = "<group>"; };
		8D9B64C123ED0B56000F02C9 /* codetest.app */ = {isa = PBXFileReference; explicitFileType = wrapper.application; includeInIndex = 0; path = codetest.app; sourceTree = BUILT_PRODUCTS_DIR; };
		8D9B64C423ED0B56000F02C9 /* AppDelegate.swift */ = {isa = PBXFileReference; lastKnownFileType = sourcecode.swift; path = AppDelegate.swift; sourceTree = "<group>"; };
		8D9B64C623ED0B56000F02C9 /* SceneDelegate.swift */ = {isa = PBXFileReference; lastKnownFileType = sourcecode.swift; path = SceneDelegate.swift; sourceTree = "<group>"; };
		8D9B64C823ED0B56000F02C9 /* ViewController.swift */ = {isa = PBXFileReference; lastKnownFileType = sourcecode.swift; path = ViewController.swift; sourceTree = "<group>"; };
		8D9B64CB23ED0B56000F02C9 /* Base */ = {isa = PBXFileReference; lastKnownFileType = file.storyboard; name = Base; path = Base.lproj/Main.storyboard; sourceTree = "<group>"; };
		8D9B64CD23ED0B5A000F02C9 /* Assets.xcassets */ = {isa = PBXFileReference; lastKnownFileType = folder.assetcatalog; path = Assets.xcassets; sourceTree = "<group>"; };
		8D9B64D023ED0B5A000F02C9 /* Base */ = {isa = PBXFileReference; lastKnownFileType = file.storyboard; name = Base; path = Base.lproj/LaunchScreen.storyboard; sourceTree = "<group>"; };
		8D9B64D223ED0B5A000F02C9 /* Info.plist */ = {isa = PBXFileReference; lastKnownFileType = text.plist.xml; path = Info.plist; sourceTree = "<group>"; };
		8D9B64D723ED0B5A000F02C9 /* codetestTests.xctest */ = {isa = PBXFileReference; explicitFileType = wrapper.cfbundle; includeInIndex = 0; path = codetestTests.xctest; sourceTree = BUILT_PRODUCTS_DIR; };
		8D9B64DB23ED0B5A000F02C9 /* codetestTests.swift */ = {isa = PBXFileReference; lastKnownFileType = sourcecode.swift; path = codetestTests.swift; sourceTree = "<group>"; };
		8D9B64DD23ED0B5A000F02C9 /* Info.plist */ = {isa = PBXFileReference; lastKnownFileType = text.plist.xml; path = Info.plist; sourceTree = "<group>"; };
		8D9B64E223ED0B5A000F02C9 /* codetestUITests.xctest */ = {isa = PBXFileReference; explicitFileType = wrapper.cfbundle; includeInIndex = 0; path = codetestUITests.xctest; sourceTree = BUILT_PRODUCTS_DIR; };
		8D9B64E623ED0B5A000F02C9 /* codetestUITests.swift */ = {isa = PBXFileReference; lastKnownFileType = sourcecode.swift; path = codetestUITests.swift; sourceTree = "<group>"; };
		8D9B64E823ED0B5A000F02C9 /* Info.plist */ = {isa = PBXFileReference; lastKnownFileType = text.plist.xml; path = Info.plist; sourceTree = "<group>"; };
		8D9B650123ED0BDC000F02C9 /* SingletonModel.swift */ = {isa = PBXFileReference; lastKnownFileType = sourcecode.swift; path = SingletonModel.swift; sourceTree = "<group>"; };
		8D9B650323ED0C21000F02C9 /* Exts.swift */ = {isa = PBXFileReference; lastKnownFileType = sourcecode.swift; path = Exts.swift; sourceTree = "<group>"; };
		8D9B650523ED0C28000F02C9 /* ViewExts.swift */ = {isa = PBXFileReference; lastKnownFileType = sourcecode.swift; path = ViewExts.swift; sourceTree = "<group>"; };
		8D9B650823ED0EB0000F02C9 /* BaseTableViewCell.swift */ = {isa = PBXFileReference; lastKnownFileType = sourcecode.swift; path = BaseTableViewCell.swift; sourceTree = "<group>"; };
		8D9B650B23ED0F39000F02C9 /* BaseApiClient.swift */ = {isa = PBXFileReference; lastKnownFileType = sourcecode.swift; path = BaseApiClient.swift; sourceTree = "<group>"; };
		8D9B650D23ED0F55000F02C9 /* ApiClient.swift */ = {isa = PBXFileReference; lastKnownFileType = sourcecode.swift; path = ApiClient.swift; sourceTree = "<group>"; };
		8D9B650F23ED0F77000F02C9 /* Api.swift */ = {isa = PBXFileReference; lastKnownFileType = sourcecode.swift; path = Api.swift; sourceTree = "<group>"; };
		8D9B651123ED0F8D000F02C9 /* BaseCollectionViewCell.swift */ = {isa = PBXFileReference; lastKnownFileType = sourcecode.swift; path = BaseCollectionViewCell.swift; sourceTree = "<group>"; };
		8D9B651423ED11EC000F02C9 /* BaseViewController.swift */ = {isa = PBXFileReference; lastKnownFileType = sourcecode.swift; path = BaseViewController.swift; sourceTree = "<group>"; };
		8D9B651623ED1207000F02C9 /* BaseViewModel.swift */ = {isa = PBXFileReference; lastKnownFileType = sourcecode.swift; path = BaseViewModel.swift; sourceTree = "<group>"; };
		8D9B651823ED147A000F02C9 /* HomeViewModel.swift */ = {isa = PBXFileReference; lastKnownFileType = sourcecode.swift; path = HomeViewModel.swift; sourceTree = "<group>"; };
		8D9B651B23ED157C000F02C9 /* RxExts.swift */ = {isa = PBXFileReference; lastKnownFileType = sourcecode.swift; path = RxExts.swift; sourceTree = "<group>"; };
		8D9B651D23ED162D000F02C9 /* UserDefUtils.swift */ = {isa = PBXFileReference; lastKnownFileType = sourcecode.swift; path = UserDefUtils.swift; sourceTree = "<group>"; };
		8D9B651F23ED18B5000F02C9 /* AppConstants.swift */ = {isa = PBXFileReference; lastKnownFileType = sourcecode.swift; path = AppConstants.swift; sourceTree = "<group>"; };
		8D9B652123ED18F5000F02C9 /* ErrorResponse.swift */ = {isa = PBXFileReference; lastKnownFileType = sourcecode.swift; path = ErrorResponse.swift; sourceTree = "<group>"; };
		8D9B652423ED1961000F02C9 /* DynamicViews.swift */ = {isa = PBXFileReference; lastKnownFileType = sourcecode.swift; path = DynamicViews.swift; sourceTree = "<group>"; };
		8D9B652623EDABF4000F02C9 /* HomeViewController.swift */ = {isa = PBXFileReference; lastKnownFileType = sourcecode.swift; path = HomeViewController.swift; sourceTree = "<group>"; };
		8D9B652823EDAD6A000F02C9 /* WonderResponse.swift */ = {isa = PBXFileReference; lastKnownFileType = sourcecode.swift; path = WonderResponse.swift; sourceTree = "<group>"; };
		8D9B652A23EDAD8F000F02C9 /* WonderVO.swift */ = {isa = PBXFileReference; lastKnownFileType = sourcecode.swift; path = WonderVO.swift; sourceTree = "<group>"; };
		8D9B652C23EDB08F000F02C9 /* BaseRealmHelper.swift */ = {isa = PBXFileReference; lastKnownFileType = sourcecode.swift; path = BaseRealmHelper.swift; sourceTree = "<group>"; };
		8D9B652E23EDB0A6000F02C9 /* RealmHelper.swift */ = {isa = PBXFileReference; lastKnownFileType = sourcecode.swift; path = RealmHelper.swift; sourceTree = "<group>"; };
		8D9B653023EDB0DF000F02C9 /* Dao.swift */ = {isa = PBXFileReference; lastKnownFileType = sourcecode.swift; path = Dao.swift; sourceTree = "<group>"; };
		8D9B653323EDB51D000F02C9 /* DataRepository.swift */ = {isa = PBXFileReference; lastKnownFileType = sourcecode.swift; path = DataRepository.swift; sourceTree = "<group>"; };
		8D9B653723EDBBAA000F02C9 /* SweetAlert.swift */ = {isa = PBXFileReference; lastKnownFileType = sourcecode.swift; path = SweetAlert.swift; sourceTree = "<group>"; };
		8D9B653923EDBC74000F02C9 /* PintrestLayout.swift */ = {isa = PBXFileReference; lastKnownFileType = sourcecode.swift; path = PintrestLayout.swift; sourceTree = "<group>"; };
		8D9B653F23EDBDF3000F02C9 /* WonderCollectionViewCell.swift */ = {isa = PBXFileReference; lastKnownFileType = sourcecode.swift; path = WonderCollectionViewCell.swift; sourceTree = "<group>"; };
		8D9B654023EDBDF3000F02C9 /* WonderCollectionViewCell.xib */ = {isa = PBXFileReference; lastKnownFileType = file.xib; path = WonderCollectionViewCell.xib; sourceTree = "<group>"; };
		8D9B654423EE393B000F02C9 /* Router.swift */ = {isa = PBXFileReference; lastKnownFileType = sourcecode.swift; path = Router.swift; sourceTree = "<group>"; };
		8D9B654623EE39E0000F02C9 /* WonderDetailViewController.swift */ = {isa = PBXFileReference; lastKnownFileType = sourcecode.swift; path = WonderDetailViewController.swift; sourceTree = "<group>"; };
		8D9B654823EE3CA1000F02C9 /* WonderDetailsViewModel.swift */ = {isa = PBXFileReference; lastKnownFileType = sourcecode.swift; path = WonderDetailsViewModel.swift; sourceTree = "<group>"; };
		8D9B654A23EE4E15000F02C9 /* SharedUtils.swift */ = {isa = PBXFileReference; lastKnownFileType = sourcecode.swift; path = SharedUtils.swift; sourceTree = "<group>"; };
		8D9B654C23EE6363000F02C9 /* ConfigVO.swift */ = {isa = PBXFileReference; lastKnownFileType = sourcecode.swift; path = ConfigVO.swift; sourceTree = "<group>"; };
		D0C498F311E4431316E9149A /* Pods-codetestTests.release.xcconfig */ = {isa = PBXFileReference; includeInIndex = 1; lastKnownFileType = text.xcconfig; name = "Pods-codetestTests.release.xcconfig"; path = "Target Support Files/Pods-codetestTests/Pods-codetestTests.release.xcconfig"; sourceTree = "<group>"; };
		E545E824AD30D6518C24C517 /* Pods-codetest-codetestUITests.debug.xcconfig */ = {isa = PBXFileReference; includeInIndex = 1; lastKnownFileType = text.xcconfig; name = "Pods-codetest-codetestUITests.debug.xcconfig"; path = "Target Support Files/Pods-codetest-codetestUITests/Pods-codetest-codetestUITests.debug.xcconfig"; sourceTree = "<group>"; };
/* End PBXFileReference section */

/* Begin PBXFrameworksBuildPhase section */
		8D9B64BE23ED0B56000F02C9 /* Frameworks */ = {
			isa = PBXFrameworksBuildPhase;
			buildActionMask = 2147483647;
			files = (
				92CDDF954019520D494F19D8 /* Pods_codetest.framework in Frameworks */,
			);
			runOnlyForDeploymentPostprocessing = 0;
		};
		8D9B64D423ED0B5A000F02C9 /* Frameworks */ = {
			isa = PBXFrameworksBuildPhase;
			buildActionMask = 2147483647;
			files = (
				74CF7F919E4E3D3659644C32 /* Pods_codetestTests.framework in Frameworks */,
			);
			runOnlyForDeploymentPostprocessing = 0;
		};
		8D9B64DF23ED0B5A000F02C9 /* Frameworks */ = {
			isa = PBXFrameworksBuildPhase;
			buildActionMask = 2147483647;
			files = (
				BE2E30BD27CD9A9C742464CC /* Pods_codetest_codetestUITests.framework in Frameworks */,
			);
			runOnlyForDeploymentPostprocessing = 0;
		};
/* End PBXFrameworksBuildPhase section */

/* Begin PBXGroup section */
		8D9B64B823ED0B55000F02C9 = {
			isa = PBXGroup;
			children = (
				8D9B64C323ED0B56000F02C9 /* codetest */,
				8D9B64DA23ED0B5A000F02C9 /* codetestTests */,
				8D9B64E523ED0B5A000F02C9 /* codetestUITests */,
				8D9B64C223ED0B56000F02C9 /* Products */,
				A42CD3F9881F807782F21034 /* Pods */,
				F4EAF83CA125E8926A01A4DD /* Frameworks */,
			);
			sourceTree = "<group>";
		};
		8D9B64C223ED0B56000F02C9 /* Products */ = {
			isa = PBXGroup;
			children = (
				8D9B64C123ED0B56000F02C9 /* codetest.app */,
				8D9B64D723ED0B5A000F02C9 /* codetestTests.xctest */,
				8D9B64E223ED0B5A000F02C9 /* codetestUITests.xctest */,
			);
			name = Products;
			sourceTree = "<group>";
		};
		8D9B64C323ED0B56000F02C9 /* codetest */ = {
			isa = PBXGroup;
			children = (
				8D9B654323EE3928000F02C9 /* router */,
				8D9B652323ED1954000F02C9 /* components */,
				8D9B650A23ED0F28000F02C9 /* network */,
				8D9B64FE23ED0BB3000F02C9 /* storyboards */,
				8D9B64FD23ED0BAA000F02C9 /* configs */,
				8D9B64FC23ED0B9D000F02C9 /* utils */,
				8D9B64FB23ED0B97000F02C9 /* persistence */,
				8D9B64FA23ED0B93000F02C9 /* mvvm */,
				8D9B64F923ED0B8C000F02C9 /* delegates */,
				8D9B64F623ED0B7C000F02C9 /* data */,
				8D9B64F523ED0B76000F02C9 /* cells */,
				8D9B64F423ED0B64000F02C9 /* viewcontrollers */,
				8D9B64CD23ED0B5A000F02C9 /* Assets.xcassets */,
				8D9B64D223ED0B5A000F02C9 /* Info.plist */,
			);
			path = codetest;
			sourceTree = "<group>";
		};
		8D9B64DA23ED0B5A000F02C9 /* codetestTests */ = {
			isa = PBXGroup;
			children = (
				8D9B64DB23ED0B5A000F02C9 /* codetestTests.swift */,
				8D9B64DD23ED0B5A000F02C9 /* Info.plist */,
			);
			path = codetestTests;
			sourceTree = "<group>";
		};
		8D9B64E523ED0B5A000F02C9 /* codetestUITests */ = {
			isa = PBXGroup;
			children = (
				8D9B64E623ED0B5A000F02C9 /* codetestUITests.swift */,
				8D9B64E823ED0B5A000F02C9 /* Info.plist */,
			);
			path = codetestUITests;
			sourceTree = "<group>";
		};
		8D9B64F423ED0B64000F02C9 /* viewcontrollers */ = {
			isa = PBXGroup;
			children = (
				8D9B651423ED11EC000F02C9 /* BaseViewController.swift */,
				8D9B64C823ED0B56000F02C9 /* ViewController.swift */,
				8D9B652623EDABF4000F02C9 /* HomeViewController.swift */,
				8D9B654623EE39E0000F02C9 /* WonderDetailViewController.swift */,
			);
			path = viewcontrollers;
			sourceTree = "<group>";
		};
		8D9B64F523ED0B76000F02C9 /* cells */ = {
			isa = PBXGroup;
			children = (
				8D9B650023ED0BBF000F02C9 /* swifts */,
				8D9B64FF23ED0BBB000F02C9 /* xibs */,
			);
			path = cells;
			sourceTree = "<group>";
		};
		8D9B64F623ED0B7C000F02C9 /* data */ = {
			isa = PBXGroup;
			children = (
				8D9B64F823ED0B87000F02C9 /* vos */,
				8D9B64F723ED0B80000F02C9 /* models */,
			);
			path = data;
			sourceTree = "<group>";
		};
		8D9B64F723ED0B80000F02C9 /* models */ = {
			isa = PBXGroup;
			children = (
				8D9B650123ED0BDC000F02C9 /* SingletonModel.swift */,
			);
			path = models;
			sourceTree = "<group>";
		};
		8D9B64F823ED0B87000F02C9 /* vos */ = {
			isa = PBXGroup;
			children = (
				8D9B652A23EDAD8F000F02C9 /* WonderVO.swift */,
				8D9B654C23EE6363000F02C9 /* ConfigVO.swift */,
			);
			path = vos;
			sourceTree = "<group>";
		};
		8D9B64F923ED0B8C000F02C9 /* delegates */ = {
			isa = PBXGroup;
			children = (
			);
			path = delegates;
			sourceTree = "<group>";
		};
		8D9B64FA23ED0B93000F02C9 /* mvvm */ = {
			isa = PBXGroup;
			children = (
				8D9B653223EDB505000F02C9 /* datarepository */,
				8D9B650723ED0E7D000F02C9 /* viewmodels */,
			);
			path = mvvm;
			sourceTree = "<group>";
		};
		8D9B64FB23ED0B97000F02C9 /* persistence */ = {
			isa = PBXGroup;
			children = (
				8D9B652C23EDB08F000F02C9 /* BaseRealmHelper.swift */,
				8D9B652E23EDB0A6000F02C9 /* RealmHelper.swift */,
				8D9B653023EDB0DF000F02C9 /* Dao.swift */,
			);
			path = persistence;
			sourceTree = "<group>";
		};
		8D9B64FC23ED0B9D000F02C9 /* utils */ = {
			isa = PBXGroup;
			children = (
				8D9B650323ED0C21000F02C9 /* Exts.swift */,
				8D9B650523ED0C28000F02C9 /* ViewExts.swift */,
				8D9B651B23ED157C000F02C9 /* RxExts.swift */,
				8D9B651D23ED162D000F02C9 /* UserDefUtils.swift */,
				8D9B651F23ED18B5000F02C9 /* AppConstants.swift */,
				8D9B654A23EE4E15000F02C9 /* SharedUtils.swift */,
			);
			path = utils;
			sourceTree = "<group>";
		};
		8D9B64FD23ED0BAA000F02C9 /* configs */ = {
			isa = PBXGroup;
			children = (
				8D9B64C623ED0B56000F02C9 /* SceneDelegate.swift */,
				8D9B64C423ED0B56000F02C9 /* AppDelegate.swift */,
			);
			path = configs;
			sourceTree = "<group>";
		};
		8D9B64FE23ED0BB3000F02C9 /* storyboards */ = {
			isa = PBXGroup;
			children = (
				8D9B64CF23ED0B5A000F02C9 /* LaunchScreen.storyboard */,
				8D9B64CA23ED0B56000F02C9 /* Main.storyboard */,
			);
			path = storyboards;
			sourceTree = "<group>";
		};
		8D9B64FF23ED0BBB000F02C9 /* xibs */ = {
			isa = PBXGroup;
			children = (
				8D9B654023EDBDF3000F02C9 /* WonderCollectionViewCell.xib */,
			);
			path = xibs;
			sourceTree = "<group>";
		};
		8D9B650023ED0BBF000F02C9 /* swifts */ = {
			isa = PBXGroup;
			children = (
				8D9B650823ED0EB0000F02C9 /* BaseTableViewCell.swift */,
				8D9B651123ED0F8D000F02C9 /* BaseCollectionViewCell.swift */,
				8D9B653F23EDBDF3000F02C9 /* WonderCollectionViewCell.swift */,
			);
			path = swifts;
			sourceTree = "<group>";
		};
		8D9B650723ED0E7D000F02C9 /* viewmodels */ = {
			isa = PBXGroup;
			children = (
				8D9B651623ED1207000F02C9 /* BaseViewModel.swift */,
				8D9B651823ED147A000F02C9 /* HomeViewModel.swift */,
				8D9B654823EE3CA1000F02C9 /* WonderDetailsViewModel.swift */,
			);
			path = viewmodels;
			sourceTree = "<group>";
		};
		8D9B650A23ED0F28000F02C9 /* network */ = {
			isa = PBXGroup;
			children = (
				8D9B651323ED0FB5000F02C9 /* responses */,
				8D9B650B23ED0F39000F02C9 /* BaseApiClient.swift */,
				8D9B650D23ED0F55000F02C9 /* ApiClient.swift */,
				8D9B650F23ED0F77000F02C9 /* Api.swift */,
			);
			path = network;
			sourceTree = "<group>";
		};
		8D9B651323ED0FB5000F02C9 /* responses */ = {
			isa = PBXGroup;
			children = (
				8D9B652123ED18F5000F02C9 /* ErrorResponse.swift */,
				8D9B652823EDAD6A000F02C9 /* WonderResponse.swift */,
			);
			path = responses;
			sourceTree = "<group>";
		};
		8D9B652323ED1954000F02C9 /* components */ = {
			isa = PBXGroup;
			children = (
				8D9B652423ED1961000F02C9 /* DynamicViews.swift */,
				8D9B653723EDBBAA000F02C9 /* SweetAlert.swift */,
				8D9B653923EDBC74000F02C9 /* PintrestLayout.swift */,
			);
			path = components;
			sourceTree = "<group>";
		};
		8D9B653223EDB505000F02C9 /* datarepository */ = {
			isa = PBXGroup;
			children = (
				8D9B653323EDB51D000F02C9 /* DataRepository.swift */,
			);
			path = datarepository;
			sourceTree = "<group>";
		};
		8D9B654323EE3928000F02C9 /* router */ = {
			isa = PBXGroup;
			children = (
				8D9B654423EE393B000F02C9 /* Router.swift */,
			);
			path = router;
			sourceTree = "<group>";
		};
		A42CD3F9881F807782F21034 /* Pods */ = {
			isa = PBXGroup;
			children = (
				6E3E3A2F021C39F5F10E730A /* Pods-codetest.debug.xcconfig */,
				1551BEF13377ED8D30EB9F7D /* Pods-codetest.release.xcconfig */,
				E545E824AD30D6518C24C517 /* Pods-codetest-codetestUITests.debug.xcconfig */,
				2163C4C467A79E5BEABAC722 /* Pods-codetest-codetestUITests.release.xcconfig */,
				3D8D570890C02BCC653D60B3 /* Pods-codetestTests.debug.xcconfig */,
				D0C498F311E4431316E9149A /* Pods-codetestTests.release.xcconfig */,
			);
			path = Pods;
			sourceTree = "<group>";
		};
		F4EAF83CA125E8926A01A4DD /* Frameworks */ = {
			isa = PBXGroup;
			children = (
				2780A696FD5E87AE3B8CD0C7 /* Pods_codetest.framework */,
				3AE4B0904604B69D8AA8507D /* Pods_codetest_codetestUITests.framework */,
				383FFAC49131670B64106FA4 /* Pods_codetestTests.framework */,
			);
			name = Frameworks;
			sourceTree = "<group>";
		};
/* End PBXGroup section */

/* Begin PBXNativeTarget section */
		8D9B64C023ED0B56000F02C9 /* codetest */ = {
			isa = PBXNativeTarget;
			buildConfigurationList = 8D9B64EB23ED0B5A000F02C9 /* Build configuration list for PBXNativeTarget "codetest" */;
			buildPhases = (
				E4BA734EB233A6C3272DFC0E /* [CP] Check Pods Manifest.lock */,
				8D9B64BD23ED0B56000F02C9 /* Sources */,
				8D9B64BE23ED0B56000F02C9 /* Frameworks */,
				8D9B64BF23ED0B56000F02C9 /* Resources */,
				FF7270FF2545D5BE87C05C42 /* [CP] Embed Pods Frameworks */,
				91292A0200DC644BE2C0548A /* [CP] Copy Pods Resources */,
			);
			buildRules = (
			);
			dependencies = (
			);
			name = codetest;
			productName = codetest;
			productReference = 8D9B64C123ED0B56000F02C9 /* codetest.app */;
			productType = "com.apple.product-type.application";
		};
		8D9B64D623ED0B5A000F02C9 /* codetestTests */ = {
			isa = PBXNativeTarget;
			buildConfigurationList = 8D9B64EE23ED0B5A000F02C9 /* Build configuration list for PBXNativeTarget "codetestTests" */;
			buildPhases = (
				3330837CD721CA83B0074880 /* [CP] Check Pods Manifest.lock */,
				8D9B64D323ED0B5A000F02C9 /* Sources */,
				8D9B64D423ED0B5A000F02C9 /* Frameworks */,
				8D9B64D523ED0B5A000F02C9 /* Resources */,
			);
			buildRules = (
			);
			dependencies = (
				8D9B64D923ED0B5A000F02C9 /* PBXTargetDependency */,
			);
			name = codetestTests;
			productName = codetestTests;
			productReference = 8D9B64D723ED0B5A000F02C9 /* codetestTests.xctest */;
			productType = "com.apple.product-type.bundle.unit-test";
		};
		8D9B64E123ED0B5A000F02C9 /* codetestUITests */ = {
			isa = PBXNativeTarget;
			buildConfigurationList = 8D9B64F123ED0B5A000F02C9 /* Build configuration list for PBXNativeTarget "codetestUITests" */;
			buildPhases = (
				100F595917413F754BF3EEEB /* [CP] Check Pods Manifest.lock */,
				8D9B64DE23ED0B5A000F02C9 /* Sources */,
				8D9B64DF23ED0B5A000F02C9 /* Frameworks */,
				8D9B64E023ED0B5A000F02C9 /* Resources */,
				6D5F1419CD096BBE42D47868 /* [CP] Embed Pods Frameworks */,
				264DFE87C6EF15E65E9E790A /* [CP] Copy Pods Resources */,
			);
			buildRules = (
			);
			dependencies = (
				8D9B64E423ED0B5A000F02C9 /* PBXTargetDependency */,
			);
			name = codetestUITests;
			productName = codetestUITests;
			productReference = 8D9B64E223ED0B5A000F02C9 /* codetestUITests.xctest */;
			productType = "com.apple.product-type.bundle.ui-testing";
		};
/* End PBXNativeTarget section */

/* Begin PBXProject section */
		8D9B64B923ED0B55000F02C9 /* Project object */ = {
			isa = PBXProject;
			attributes = {
				LastSwiftUpdateCheck = 1130;
				LastUpgradeCheck = 1130;
				ORGANIZATIONNAME = "Phyo Thiha";
				TargetAttributes = {
					8D9B64C023ED0B56000F02C9 = {
						CreatedOnToolsVersion = 11.3.1;
					};
					8D9B64D623ED0B5A000F02C9 = {
						CreatedOnToolsVersion = 11.3.1;
						TestTargetID = 8D9B64C023ED0B56000F02C9;
					};
					8D9B64E123ED0B5A000F02C9 = {
						CreatedOnToolsVersion = 11.3.1;
						TestTargetID = 8D9B64C023ED0B56000F02C9;
					};
				};
			};
			buildConfigurationList = 8D9B64BC23ED0B55000F02C9 /* Build configuration list for PBXProject "codetest" */;
			compatibilityVersion = "Xcode 9.3";
			developmentRegion = en;
			hasScannedForEncodings = 0;
			knownRegions = (
				en,
				Base,
			);
			mainGroup = 8D9B64B823ED0B55000F02C9;
			productRefGroup = 8D9B64C223ED0B56000F02C9 /* Products */;
			projectDirPath = "";
			projectRoot = "";
			targets = (
				8D9B64C023ED0B56000F02C9 /* codetest */,
				8D9B64D623ED0B5A000F02C9 /* codetestTests */,
				8D9B64E123ED0B5A000F02C9 /* codetestUITests */,
			);
		};
/* End PBXProject section */

/* Begin PBXResourcesBuildPhase section */
		8D9B64BF23ED0B56000F02C9 /* Resources */ = {
			isa = PBXResourcesBuildPhase;
			buildActionMask = 2147483647;
			files = (
				8D9B64D123ED0B5A000F02C9 /* LaunchScreen.storyboard in Resources */,
				8D9B64CE23ED0B5A000F02C9 /* Assets.xcassets in Resources */,
				8D9B64CC23ED0B56000F02C9 /* Main.storyboard in Resources */,
				8D9B654223EDBDF3000F02C9 /* WonderCollectionViewCell.xib in Resources */,
			);
			runOnlyForDeploymentPostprocessing = 0;
		};
		8D9B64D523ED0B5A000F02C9 /* Resources */ = {
			isa = PBXResourcesBuildPhase;
			buildActionMask = 2147483647;
			files = (
			);
			runOnlyForDeploymentPostprocessing = 0;
		};
		8D9B64E023ED0B5A000F02C9 /* Resources */ = {
			isa = PBXResourcesBuildPhase;
			buildActionMask = 2147483647;
			files = (
			);
			runOnlyForDeploymentPostprocessing = 0;
		};
/* End PBXResourcesBuildPhase section */

/* Begin PBXShellScriptBuildPhase section */
		100F595917413F754BF3EEEB /* [CP] Check Pods Manifest.lock */ = {
			isa = PBXShellScriptBuildPhase;
			buildActionMask = 2147483647;
			files = (
			);
			inputFileListPaths = (
			);
			inputPaths = (
				"${PODS_PODFILE_DIR_PATH}/Podfile.lock",
				"${PODS_ROOT}/Manifest.lock",
			);
			name = "[CP] Check Pods Manifest.lock";
			outputFileListPaths = (
			);
			outputPaths = (
				"$(DERIVED_FILE_DIR)/Pods-codetest-codetestUITests-checkManifestLockResult.txt",
			);
			runOnlyForDeploymentPostprocessing = 0;
			shellPath = /bin/sh;
			shellScript = "diff \"${PODS_PODFILE_DIR_PATH}/Podfile.lock\" \"${PODS_ROOT}/Manifest.lock\" > /dev/null\nif [ $? != 0 ] ; then\n    # print error to STDERR\n    echo \"error: The sandbox is not in sync with the Podfile.lock. Run 'pod install' or update your CocoaPods installation.\" >&2\n    exit 1\nfi\n# This output is used by Xcode 'outputs' to avoid re-running this script phase.\necho \"SUCCESS\" > \"${SCRIPT_OUTPUT_FILE_0}\"\n";
			showEnvVarsInLog = 0;
		};
		264DFE87C6EF15E65E9E790A /* [CP] Copy Pods Resources */ = {
			isa = PBXShellScriptBuildPhase;
			buildActionMask = 2147483647;
			files = (
			);
			inputFileListPaths = (
				"${PODS_ROOT}/Target Support Files/Pods-codetest-codetestUITests/Pods-codetest-codetestUITests-resources-${CONFIGURATION}-input-files.xcfilelist",
			);
			name = "[CP] Copy Pods Resources";
			outputFileListPaths = (
				"${PODS_ROOT}/Target Support Files/Pods-codetest-codetestUITests/Pods-codetest-codetestUITests-resources-${CONFIGURATION}-output-files.xcfilelist",
			);
			runOnlyForDeploymentPostprocessing = 0;
			shellPath = /bin/sh;
			shellScript = "\"${PODS_ROOT}/Target Support Files/Pods-codetest-codetestUITests/Pods-codetest-codetestUITests-resources.sh\"\n";
			showEnvVarsInLog = 0;
		};
		3330837CD721CA83B0074880 /* [CP] Check Pods Manifest.lock */ = {
			isa = PBXShellScriptBuildPhase;
			buildActionMask = 2147483647;
			files = (
			);
			inputFileListPaths = (
			);
			inputPaths = (
				"${PODS_PODFILE_DIR_PATH}/Podfile.lock",
				"${PODS_ROOT}/Manifest.lock",
			);
			name = "[CP] Check Pods Manifest.lock";
			outputFileListPaths = (
			);
			outputPaths = (
				"$(DERIVED_FILE_DIR)/Pods-codetestTests-checkManifestLockResult.txt",
			);
			runOnlyForDeploymentPostprocessing = 0;
			shellPath = /bin/sh;
			shellScript = "diff \"${PODS_PODFILE_DIR_PATH}/Podfile.lock\" \"${PODS_ROOT}/Manifest.lock\" > /dev/null\nif [ $? != 0 ] ; then\n    # print error to STDERR\n    echo \"error: The sandbox is not in sync with the Podfile.lock. Run 'pod install' or update your CocoaPods installation.\" >&2\n    exit 1\nfi\n# This output is used by Xcode 'outputs' to avoid re-running this script phase.\necho \"SUCCESS\" > \"${SCRIPT_OUTPUT_FILE_0}\"\n";
			showEnvVarsInLog = 0;
		};
		6D5F1419CD096BBE42D47868 /* [CP] Embed Pods Frameworks */ = {
			isa = PBXShellScriptBuildPhase;
			buildActionMask = 2147483647;
			files = (
			);
			inputFileListPaths = (
				"${PODS_ROOT}/Target Support Files/Pods-codetest-codetestUITests/Pods-codetest-codetestUITests-frameworks-${CONFIGURATION}-input-files.xcfilelist",
			);
			name = "[CP] Embed Pods Frameworks";
			outputFileListPaths = (
				"${PODS_ROOT}/Target Support Files/Pods-codetest-codetestUITests/Pods-codetest-codetestUITests-frameworks-${CONFIGURATION}-output-files.xcfilelist",
			);
			runOnlyForDeploymentPostprocessing = 0;
			shellPath = /bin/sh;
			shellScript = "\"${PODS_ROOT}/Target Support Files/Pods-codetest-codetestUITests/Pods-codetest-codetestUITests-frameworks.sh\"\n";
			showEnvVarsInLog = 0;
		};
		91292A0200DC644BE2C0548A /* [CP] Copy Pods Resources */ = {
			isa = PBXShellScriptBuildPhase;
			buildActionMask = 2147483647;
			files = (
			);
			inputFileListPaths = (
				"${PODS_ROOT}/Target Support Files/Pods-codetest/Pods-codetest-resources-${CONFIGURATION}-input-files.xcfilelist",
			);
			name = "[CP] Copy Pods Resources";
			outputFileListPaths = (
				"${PODS_ROOT}/Target Support Files/Pods-codetest/Pods-codetest-resources-${CONFIGURATION}-output-files.xcfilelist",
			);
			runOnlyForDeploymentPostprocessing = 0;
			shellPath = /bin/sh;
			shellScript = "\"${PODS_ROOT}/Target Support Files/Pods-codetest/Pods-codetest-resources.sh\"\n";
			showEnvVarsInLog = 0;
		};
		E4BA734EB233A6C3272DFC0E /* [CP] Check Pods Manifest.lock */ = {
			isa = PBXShellScriptBuildPhase;
			buildActionMask = 2147483647;
			files = (
			);
			inputFileListPaths = (
			);
			inputPaths = (
				"${PODS_PODFILE_DIR_PATH}/Podfile.lock",
				"${PODS_ROOT}/Manifest.lock",
			);
			name = "[CP] Check Pods Manifest.lock";
			outputFileListPaths = (
			);
			outputPaths = (
				"$(DERIVED_FILE_DIR)/Pods-codetest-checkManifestLockResult.txt",
			);
			runOnlyForDeploymentPostprocessing = 0;
			shellPath = /bin/sh;
			shellScript = "diff \"${PODS_PODFILE_DIR_PATH}/Podfile.lock\" \"${PODS_ROOT}/Manifest.lock\" > /dev/null\nif [ $? != 0 ] ; then\n    # print error to STDERR\n    echo \"error: The sandbox is not in sync with the Podfile.lock. Run 'pod install' or update your CocoaPods installation.\" >&2\n    exit 1\nfi\n# This output is used by Xcode 'outputs' to avoid re-running this script phase.\necho \"SUCCESS\" > \"${SCRIPT_OUTPUT_FILE_0}\"\n";
			showEnvVarsInLog = 0;
		};
		FF7270FF2545D5BE87C05C42 /* [CP] Embed Pods Frameworks */ = {
			isa = PBXShellScriptBuildPhase;
			buildActionMask = 2147483647;
			files = (
			);
			inputFileListPaths = (
				"${PODS_ROOT}/Target Support Files/Pods-codetest/Pods-codetest-frameworks-${CONFIGURATION}-input-files.xcfilelist",
			);
			name = "[CP] Embed Pods Frameworks";
			outputFileListPaths = (
				"${PODS_ROOT}/Target Support Files/Pods-codetest/Pods-codetest-frameworks-${CONFIGURATION}-output-files.xcfilelist",
			);
			runOnlyForDeploymentPostprocessing = 0;
			shellPath = /bin/sh;
			shellScript = "\"${PODS_ROOT}/Target Support Files/Pods-codetest/Pods-codetest-frameworks.sh\"\n";
			showEnvVarsInLog = 0;
		};
/* End PBXShellScriptBuildPhase section */

/* Begin PBXSourcesBuildPhase section */
		8D9B64BD23ED0B56000F02C9 /* Sources */ = {
			isa = PBXSourcesBuildPhase;
			buildActionMask = 2147483647;
			files = (
				8D9B654D23EE6363000F02C9 /* ConfigVO.swift in Sources */,
				8D9B650423ED0C21000F02C9 /* Exts.swift in Sources */,
				8D9B653A23EDBC74000F02C9 /* PintrestLayout.swift in Sources */,
				8D9B652023ED18B5000F02C9 /* AppConstants.swift in Sources */,
				8D9B654123EDBDF3000F02C9 /* WonderCollectionViewCell.swift in Sources */,
				8D9B651C23ED157C000F02C9 /* RxExts.swift in Sources */,
				8D9B654523EE393B000F02C9 /* Router.swift in Sources */,
				8D9B64C923ED0B56000F02C9 /* ViewController.swift in Sources */,
				8D9B650E23ED0F55000F02C9 /* ApiClient.swift in Sources */,
				8D9B64C523ED0B56000F02C9 /* AppDelegate.swift in Sources */,
				8D9B651223ED0F8D000F02C9 /* BaseCollectionViewCell.swift in Sources */,
				8D9B64C723ED0B56000F02C9 /* SceneDelegate.swift in Sources */,
				8D9B652923EDAD6A000F02C9 /* WonderResponse.swift in Sources */,
				8D9B650923ED0EB0000F02C9 /* BaseTableViewCell.swift in Sources */,
				8D9B652D23EDB08F000F02C9 /* BaseRealmHelper.swift in Sources */,
				8D9B651723ED1207000F02C9 /* BaseViewModel.swift in Sources */,
				8D9B650C23ED0F39000F02C9 /* BaseApiClient.swift in Sources */,
				8D9B652F23EDB0A6000F02C9 /* RealmHelper.swift in Sources */,
				8D9B651923ED147A000F02C9 /* HomeViewModel.swift in Sources */,
				8D9B651523ED11EC000F02C9 /* BaseViewController.swift in Sources */,
				8D9B651E23ED162D000F02C9 /* UserDefUtils.swift in Sources */,
				8D9B650623ED0C28000F02C9 /* ViewExts.swift in Sources */,
				8D9B653823EDBBAA000F02C9 /* SweetAlert.swift in Sources */,
				8D9B653123EDB0DF000F02C9 /* Dao.swift in Sources */,
				8D9B654723EE39E0000F02C9 /* WonderDetailViewController.swift in Sources */,
				8D9B654923EE3CA1000F02C9 /* WonderDetailsViewModel.swift in Sources */,
				8D9B653423EDB51D000F02C9 /* DataRepository.swift in Sources */,
				8D9B654B23EE4E15000F02C9 /* SharedUtils.swift in Sources */,
				8D9B652723EDABF4000F02C9 /* HomeViewController.swift in Sources */,
				8D9B652B23EDAD8F000F02C9 /* WonderVO.swift in Sources */,
				8D9B652523ED1961000F02C9 /* DynamicViews.swift in Sources */,
				8D9B652223ED18F5000F02C9 /* ErrorResponse.swift in Sources */,
				8D9B651023ED0F77000F02C9 /* Api.swift in Sources */,
				8D9B650223ED0BDC000F02C9 /* SingletonModel.swift in Sources */,
			);
			runOnlyForDeploymentPostprocessing = 0;
		};
		8D9B64D323ED0B5A000F02C9 /* Sources */ = {
			isa = PBXSourcesBuildPhase;
			buildActionMask = 2147483647;
			files = (
				8D9B64DC23ED0B5A000F02C9 /* codetestTests.swift in Sources */,
			);
			runOnlyForDeploymentPostprocessing = 0;
		};
		8D9B64DE23ED0B5A000F02C9 /* Sources */ = {
			isa = PBXSourcesBuildPhase;
			buildActionMask = 2147483647;
			files = (
				8D9B64E723ED0B5A000F02C9 /* codetestUITests.swift in Sources */,
			);
			runOnlyForDeploymentPostprocessing = 0;
		};
/* End PBXSourcesBuildPhase section */

/* Begin PBXTargetDependency section */
		8D9B64D923ED0B5A000F02C9 /* PBXTargetDependency */ = {
			isa = PBXTargetDependency;
			target = 8D9B64C023ED0B56000F02C9 /* codetest */;
			targetProxy = 8D9B64D823ED0B5A000F02C9 /* PBXContainerItemProxy */;
		};
		8D9B64E423ED0B5A000F02C9 /* PBXTargetDependency */ = {
			isa = PBXTargetDependency;
			target = 8D9B64C023ED0B56000F02C9 /* codetest */;
			targetProxy = 8D9B64E323ED0B5A000F02C9 /* PBXContainerItemProxy */;
		};
/* End PBXTargetDependency section */

/* Begin PBXVariantGroup section */
		8D9B64CA23ED0B56000F02C9 /* Main.storyboard */ = {
			isa = PBXVariantGroup;
			children = (
				8D9B64CB23ED0B56000F02C9 /* Base */,
			);
			name = Main.storyboard;
			sourceTree = "<group>";
		};
		8D9B64CF23ED0B5A000F02C9 /* LaunchScreen.storyboard */ = {
			isa = PBXVariantGroup;
			children = (
				8D9B64D023ED0B5A000F02C9 /* Base */,
			);
			name = LaunchScreen.storyboard;
			sourceTree = "<group>";
		};
/* End PBXVariantGroup section */

/* Begin XCBuildConfiguration section */
		8D9B64E923ED0B5A000F02C9 /* Debug */ = {
			isa = XCBuildConfiguration;
			buildSettings = {
				ALWAYS_SEARCH_USER_PATHS = NO;
				CLANG_ANALYZER_NONNULL = YES;
				CLANG_ANALYZER_NUMBER_OBJECT_CONVERSION = YES_AGGRESSIVE;
				CLANG_CXX_LANGUAGE_STANDARD = "gnu++14";
				CLANG_CXX_LIBRARY = "libc++";
				CLANG_ENABLE_MODULES = YES;
				CLANG_ENABLE_OBJC_ARC = YES;
				CLANG_ENABLE_OBJC_WEAK = YES;
				CLANG_WARN_BLOCK_CAPTURE_AUTORELEASING = YES;
				CLANG_WARN_BOOL_CONVERSION = YES;
				CLANG_WARN_COMMA = YES;
				CLANG_WARN_CONSTANT_CONVERSION = YES;
				CLANG_WARN_DEPRECATED_OBJC_IMPLEMENTATIONS = YES;
				CLANG_WARN_DIRECT_OBJC_ISA_USAGE = YES_ERROR;
				CLANG_WARN_DOCUMENTATION_COMMENTS = YES;
				CLANG_WARN_EMPTY_BODY = YES;
				CLANG_WARN_ENUM_CONVERSION = YES;
				CLANG_WARN_INFINITE_RECURSION = YES;
				CLANG_WARN_INT_CONVERSION = YES;
				CLANG_WARN_NON_LITERAL_NULL_CONVERSION = YES;
				CLANG_WARN_OBJC_IMPLICIT_RETAIN_SELF = YES;
				CLANG_WARN_OBJC_LITERAL_CONVERSION = YES;
				CLANG_WARN_OBJC_ROOT_CLASS = YES_ERROR;
				CLANG_WARN_RANGE_LOOP_ANALYSIS = YES;
				CLANG_WARN_STRICT_PROTOTYPES = YES;
				CLANG_WARN_SUSPICIOUS_MOVE = YES;
				CLANG_WARN_UNGUARDED_AVAILABILITY = YES_AGGRESSIVE;
				CLANG_WARN_UNREACHABLE_CODE = YES;
				CLANG_WARN__DUPLICATE_METHOD_MATCH = YES;
				COPY_PHASE_STRIP = NO;
				DEBUG_INFORMATION_FORMAT = dwarf;
				ENABLE_STRICT_OBJC_MSGSEND = YES;
				ENABLE_TESTABILITY = YES;
				GCC_C_LANGUAGE_STANDARD = gnu11;
				GCC_DYNAMIC_NO_PIC = NO;
				GCC_NO_COMMON_BLOCKS = YES;
				GCC_OPTIMIZATION_LEVEL = 0;
				GCC_PREPROCESSOR_DEFINITIONS = (
					"DEBUG=1",
					"$(inherited)",
				);
				GCC_WARN_64_TO_32_BIT_CONVERSION = YES;
				GCC_WARN_ABOUT_RETURN_TYPE = YES_ERROR;
				GCC_WARN_UNDECLARED_SELECTOR = YES;
				GCC_WARN_UNINITIALIZED_AUTOS = YES_AGGRESSIVE;
				GCC_WARN_UNUSED_FUNCTION = YES;
				GCC_WARN_UNUSED_VARIABLE = YES;
				IPHONEOS_DEPLOYMENT_TARGET = 13.2;
				MTL_ENABLE_DEBUG_INFO = INCLUDE_SOURCE;
				MTL_FAST_MATH = YES;
				ONLY_ACTIVE_ARCH = YES;
				SDKROOT = iphoneos;
				SWIFT_ACTIVE_COMPILATION_CONDITIONS = DEBUG;
				SWIFT_OPTIMIZATION_LEVEL = "-Onone";
			};
			name = Debug;
		};
		8D9B64EA23ED0B5A000F02C9 /* Release */ = {
			isa = XCBuildConfiguration;
			buildSettings = {
				ALWAYS_SEARCH_USER_PATHS = NO;
				CLANG_ANALYZER_NONNULL = YES;
				CLANG_ANALYZER_NUMBER_OBJECT_CONVERSION = YES_AGGRESSIVE;
				CLANG_CXX_LANGUAGE_STANDARD = "gnu++14";
				CLANG_CXX_LIBRARY = "libc++";
				CLANG_ENABLE_MODULES = YES;
				CLANG_ENABLE_OBJC_ARC = YES;
				CLANG_ENABLE_OBJC_WEAK = YES;
				CLANG_WARN_BLOCK_CAPTURE_AUTORELEASING = YES;
				CLANG_WARN_BOOL_CONVERSION = YES;
				CLANG_WARN_COMMA = YES;
				CLANG_WARN_CONSTANT_CONVERSION = YES;
				CLANG_WARN_DEPRECATED_OBJC_IMPLEMENTATIONS = YES;
				CLANG_WARN_DIRECT_OBJC_ISA_USAGE = YES_ERROR;
				CLANG_WARN_DOCUMENTATION_COMMENTS = YES;
				CLANG_WARN_EMPTY_BODY = YES;
				CLANG_WARN_ENUM_CONVERSION = YES;
				CLANG_WARN_INFINITE_RECURSION = YES;
				CLANG_WARN_INT_CONVERSION = YES;
				CLANG_WARN_NON_LITERAL_NULL_CONVERSION = YES;
				CLANG_WARN_OBJC_IMPLICIT_RETAIN_SELF = YES;
				CLANG_WARN_OBJC_LITERAL_CONVERSION = YES;
				CLANG_WARN_OBJC_ROOT_CLASS = YES_ERROR;
				CLANG_WARN_RANGE_LOOP_ANALYSIS = YES;
				CLANG_WARN_STRICT_PROTOTYPES = YES;
				CLANG_WARN_SUSPICIOUS_MOVE = YES;
				CLANG_WARN_UNGUARDED_AVAILABILITY = YES_AGGRESSIVE;
				CLANG_WARN_UNREACHABLE_CODE = YES;
				CLANG_WARN__DUPLICATE_METHOD_MATCH = YES;
				COPY_PHASE_STRIP = NO;
				DEBUG_INFORMATION_FORMAT = "dwarf-with-dsym";
				ENABLE_NS_ASSERTIONS = NO;
				ENABLE_STRICT_OBJC_MSGSEND = YES;
				GCC_C_LANGUAGE_STANDARD = gnu11;
				GCC_NO_COMMON_BLOCKS = YES;
				GCC_WARN_64_TO_32_BIT_CONVERSION = YES;
				GCC_WARN_ABOUT_RETURN_TYPE = YES_ERROR;
				GCC_WARN_UNDECLARED_SELECTOR = YES;
				GCC_WARN_UNINITIALIZED_AUTOS = YES_AGGRESSIVE;
				GCC_WARN_UNUSED_FUNCTION = YES;
				GCC_WARN_UNUSED_VARIABLE = YES;
				IPHONEOS_DEPLOYMENT_TARGET = 13.2;
				MTL_ENABLE_DEBUG_INFO = NO;
				MTL_FAST_MATH = YES;
				SDKROOT = iphoneos;
				SWIFT_COMPILATION_MODE = wholemodule;
				SWIFT_OPTIMIZATION_LEVEL = "-O";
				VALIDATE_PRODUCT = YES;
			};
			name = Release;
		};
		8D9B64EC23ED0B5A000F02C9 /* Debug */ = {
			isa = XCBuildConfiguration;
			baseConfigurationReference = 6E3E3A2F021C39F5F10E730A /* Pods-codetest.debug.xcconfig */;
			buildSettings = {
				ASSETCATALOG_COMPILER_APPICON_NAME = AppIcon;
				CODE_SIGN_STYLE = Automatic;
				DEVELOPMENT_TEAM = 4Q4C4B56QV;
				INFOPLIST_FILE = codetest/Info.plist;
				LD_RUNPATH_SEARCH_PATHS = (
					"$(inherited)",
					"@executable_path/Frameworks",
				);
				PRODUCT_BUNDLE_IDENTIFIER = com.xyz.codetest;
				PRODUCT_NAME = "$(TARGET_NAME)";
				SWIFT_VERSION = 5.0;
				TARGETED_DEVICE_FAMILY = "1,2";
			};
			name = Debug;
		};
		8D9B64ED23ED0B5A000F02C9 /* Release */ = {
			isa = XCBuildConfiguration;
			baseConfigurationReference = 1551BEF13377ED8D30EB9F7D /* Pods-codetest.release.xcconfig */;
			buildSettings = {
				ASSETCATALOG_COMPILER_APPICON_NAME = AppIcon;
				CODE_SIGN_STYLE = Automatic;
				DEVELOPMENT_TEAM = 4Q4C4B56QV;
				INFOPLIST_FILE = codetest/Info.plist;
				LD_RUNPATH_SEARCH_PATHS = (
					"$(inherited)",
					"@executable_path/Frameworks",
				);
				PRODUCT_BUNDLE_IDENTIFIER = com.xyz.codetest;
				PRODUCT_NAME = "$(TARGET_NAME)";
				SWIFT_VERSION = 5.0;
				TARGETED_DEVICE_FAMILY = "1,2";
			};
			name = Release;
		};
		8D9B64EF23ED0B5A000F02C9 /* Debug */ = {
			isa = XCBuildConfiguration;
			baseConfigurationReference = 3D8D570890C02BCC653D60B3 /* Pods-codetestTests.debug.xcconfig */;
			buildSettings = {
				ALWAYS_EMBED_SWIFT_STANDARD_LIBRARIES = YES;
				BUNDLE_LOADER = "$(TEST_HOST)";
				CODE_SIGN_STYLE = Automatic;
				DEVELOPMENT_TEAM = 2TYVPNS72S;
				INFOPLIST_FILE = codetestTests/Info.plist;
				IPHONEOS_DEPLOYMENT_TARGET = 13.2;
				LD_RUNPATH_SEARCH_PATHS = (
					"$(inherited)",
					"@executable_path/Frameworks",
					"@loader_path/Frameworks",
				);
				PRODUCT_BUNDLE_IDENTIFIER = com.xyz.codetestTests;
				PRODUCT_NAME = "$(TARGET_NAME)";
				SWIFT_VERSION = 5.0;
				TARGETED_DEVICE_FAMILY = "1,2";
				TEST_HOST = "$(BUILT_PRODUCTS_DIR)/codetest.app/codetest";
			};
			name = Debug;
		};
		8D9B64F023ED0B5A000F02C9 /* Release */ = {
			isa = XCBuildConfiguration;
			baseConfigurationReference = D0C498F311E4431316E9149A /* Pods-codetestTests.release.xcconfig */;
			buildSettings = {
				ALWAYS_EMBED_SWIFT_STANDARD_LIBRARIES = YES;
				BUNDLE_LOADER = "$(TEST_HOST)";
				CODE_SIGN_STYLE = Automatic;
				DEVELOPMENT_TEAM = 2TYVPNS72S;
				INFOPLIST_FILE = codetestTests/Info.plist;
				IPHONEOS_DEPLOYMENT_TARGET = 13.2;
				LD_RUNPATH_SEARCH_PATHS = (
					"$(inherited)",
					"@executable_path/Frameworks",
					"@loader_path/Frameworks",
				);
				PRODUCT_BUNDLE_IDENTIFIER = com.xyz.codetestTests;
				PRODUCT_NAME = "$(TARGET_NAME)";
				SWIFT_VERSION = 5.0;
				TARGETED_DEVICE_FAMILY = "1,2";
				TEST_HOST = "$(BUILT_PRODUCTS_DIR)/codetest.app/codetest";
			};
			name = Release;
		};
		8D9B64F223ED0B5A000F02C9 /* Debug */ = {
			isa = XCBuildConfiguration;
			baseConfigurationReference = E545E824AD30D6518C24C517 /* Pods-codetest-codetestUITests.debug.xcconfig */;
			buildSettings = {
				ALWAYS_EMBED_SWIFT_STANDARD_LIBRARIES = YES;
				CODE_SIGN_STYLE = Automatic;
				DEVELOPMENT_TEAM = 2TYVPNS72S;
				INFOPLIST_FILE = codetestUITests/Info.plist;
				LD_RUNPATH_SEARCH_PATHS = (
					"$(inherited)",
					"@executable_path/Frameworks",
					"@loader_path/Frameworks",
				);
				PRODUCT_BUNDLE_IDENTIFIER = com.xyz.codetestUITests;
				PRODUCT_NAME = "$(TARGET_NAME)";
				SWIFT_VERSION = 5.0;
				TARGETED_DEVICE_FAMILY = "1,2";
				TEST_TARGET_NAME = codetest;
			};
			name = Debug;
		};
		8D9B64F323ED0B5A000F02C9 /* Release */ = {
			isa = XCBuildConfiguration;
			baseConfigurationReference = 2163C4C467A79E5BEABAC722 /* Pods-codetest-codetestUITests.release.xcconfig */;
			buildSettings = {
				ALWAYS_EMBED_SWIFT_STANDARD_LIBRARIES = YES;
				CODE_SIGN_STYLE = Automatic;
				DEVELOPMENT_TEAM = 2TYVPNS72S;
				INFOPLIST_FILE = codetestUITests/Info.plist;
				LD_RUNPATH_SEARCH_PATHS = (
					"$(inherited)",
					"@executable_path/Frameworks",
					"@loader_path/Frameworks",
				);
				PRODUCT_BUNDLE_IDENTIFIER = com.xyz.codetestUITests;
				PRODUCT_NAME = "$(TARGET_NAME)";
				SWIFT_VERSION = 5.0;
				TARGETED_DEVICE_FAMILY = "1,2";
				TEST_TARGET_NAME = codetest;
			};
			name = Release;
		};
/* End XCBuildConfiguration section */

/* Begin XCConfigurationList section */
		8D9B64BC23ED0B55000F02C9 /* Build configuration list for PBXProject "codetest" */ = {
			isa = XCConfigurationList;
			buildConfigurations = (
				8D9B64E923ED0B5A000F02C9 /* Debug */,
				8D9B64EA23ED0B5A000F02C9 /* Release */,
			);
			defaultConfigurationIsVisible = 0;
			defaultConfigurationName = Release;
		};
		8D9B64EB23ED0B5A000F02C9 /* Build configuration list for PBXNativeTarget "codetest" */ = {
			isa = XCConfigurationList;
			buildConfigurations = (
				8D9B64EC23ED0B5A000F02C9 /* Debug */,
				8D9B64ED23ED0B5A000F02C9 /* Release */,
			);
			defaultConfigurationIsVisible = 0;
			defaultConfigurationName = Release;
		};
		8D9B64EE23ED0B5A000F02C9 /* Build configuration list for PBXNativeTarget "codetestTests" */ = {
			isa = XCConfigurationList;
			buildConfigurations = (
				8D9B64EF23ED0B5A000F02C9 /* Debug */,
				8D9B64F023ED0B5A000F02C9 /* Release */,
			);
			defaultConfigurationIsVisible = 0;
			defaultConfigurationName = Release;
		};
		8D9B64F123ED0B5A000F02C9 /* Build configuration list for PBXNativeTarget "codetestUITests" */ = {
			isa = XCConfigurationList;
			buildConfigurations = (
				8D9B64F223ED0B5A000F02C9 /* Debug */,
				8D9B64F323ED0B5A000F02C9 /* Release */,
			);
			defaultConfigurationIsVisible = 0;
			defaultConfigurationName = Release;
		};
/* End XCConfigurationList section */
	};
	rootObject = 8D9B64B923ED0B55000F02C9 /* Project object */;
}
